<?xml version="1.0" encoding="utf-8"?>
<Project ToolsVersion="4.0" xmlns="http://schemas.microsoft.com/developer/msbuild/2003">
  <ItemGroup>
    <Filter Include="win32">
      <UniqueIdentifier>{84a8ebd7-7cf0-47f6-b75e-d441df67da40}</UniqueIdentifier>
    </Filter>
    <Filter Include="resource">
      <UniqueIdentifier>{715254bc-d70b-4ec5-bf29-467dd3ace079}</UniqueIdentifier>
    </Filter>
    <Filter Include="resource\src">
      <UniqueIdentifier>{bb6c862e-70e9-49d9-81b7-3829a6f50471}</UniqueIdentifier>
    </Filter>
  </ItemGroup>
  <ItemGroup>
    <ClCompile Include="main.cpp">
      <Filter>win32</Filter>
    </ClCompile>
    <ClCompile Include="..\Classes\AppDelegate.cpp">
      <Filter>resource\src</Filter>
    </ClCompile>
    <ClCompile Include="..\Classes\GameScene.cpp">
      <Filter>resource\src</Filter>
    </ClCompile>
    <ClCompile Include="..\Classes\Global.cpp">
      <Filter>resource\src</Filter>
    </ClCompile>
    <ClCompile Include="..\Classes\HelloWorldScene.cpp">
      <Filter>resource\src</Filter>
    </ClCompile>
    <ClCompile Include="..\Classes\Player.cpp">
      <Filter>resource\src</Filter>
    </ClCompile>
    <ClCompile Include="..\Classes\Poker.cpp">
      <Filter>resource\src</Filter>
    </ClCompile>
    <ClCompile Include="..\Classes\Tool.cpp">
      <Filter>resource\src</Filter>
    </ClCompile>
    <ClCompile Include="..\Classes\MainScene.cpp">
      <Filter>resource\src</Filter>
    </ClCompile>
    <ClCompile Include="..\Classes\toolFunctions.cpp">
      <Filter>resource\src</Filter>
    </ClCompile>
    <ClCompile Include="..\Classes\User.cpp">
      <Filter>resource\src</Filter>
    </ClCompile>
  </ItemGroup>
  <ItemGroup>
    <ClInclude Include="main.h">
      <Filter>win32</Filter>
    </ClInclude>
    <ClInclude Include="..\Classes\AppDelegate.h">
      <Filter>resource\src</Filter>
    </ClInclude>
    <ClInclude Include="..\Classes\GameScene.h">
      <Filter>resource\src</Filter>
    </ClInclude>
    <ClInclude Include="..\Classes\Global.h">
      <Filter>resource\src</Filter>
    </ClInclude>
    <ClInclude Include="..\Classes\HelloWorldScene.h">
      <Filter>resource\src</Filter>
    </ClInclude>
    <ClInclude Include="..\Classes\Player.h">
      <Filter>resource\src</Filter>
    </ClInclude>
    <ClInclude Include="..\Classes\Poker.h">
      <Filter>resource\src</Filter>
    </ClInclude>
    <ClInclude Include="..\Classes\Tool.h">
      <Filter>resource\src</Filter>
    </ClInclude>
    <ClInclude Include="resource.h">
      <Filter>win32</Filter>
    </ClInclude>
    <ClInclude Include="..\Classes\MainScene.h">
      <Filter>resource\src</Filter>
    </ClInclude>
    <ClInclude Include="..\Classes\toolFunctions.h">
      <Filter>resource\src</Filter>
    </ClInclude>
    <ClInclude Include="..\Classes\User.h">
      <Filter>resource\src</Filter>
    </ClInclude>
  </ItemGroup>
  <ItemGroup>
    <ResourceCompile Include="game.rc">
      <Filter>resource</Filter>
    </ResourceCompile>
  </ItemGroup>
  <ItemGroup>
    <Image Include="..\..\VSworkspace\斗地主源代码\Resources\bk.png">
      <Filter>resource</Filter>
    </Image>
    <Image Include="..\..\VSworkspace\斗地主源代码\Resources\poker.png">
      <Filter>resource</Filter>
    </Image>
  </ItemGroup>
  <ItemGroup>
    <Xml Include="..\..\VSworkspace\斗地主源代码\Resources\strings.xml">
      <Filter>resource</Filter>
    </Xml>
  </ItemGroup>
</Project>